
Microsoft Visual Studio Solution File, Format Version 12.00
# Visual Studio 14
VisualStudioVersion = 14.0.24720.0
MinimumVisualStudioVersion = 10.0.40219.1
Project("{2150E333-8FDC-42A3-9474-1A3956D46DE8}") = "Engine", "Engine", "{47C86FA8-C5B3-4CA8-99C8-1AC0601C6236}"
EndProject
Project("{2150E333-8FDC-42A3-9474-1A3956D46DE8}") = "Games", "Games", "{4ED3AC6E-26E9-4F96-996D-1E5828A0383F}"
EndProject
Project("{8BC9CEB8-8B4A-11D0-8D11-00A0C91BC942}") = "UE4", "Intermediate\ProjectFiles\UE4.vcxproj", "{39992DCB-601B-4ED8-BD62-A8E697056909}"
EndProject
Project("{8BC9CEB8-8B4A-11D0-8D11-00A0C91BC942}") = "RaynetAB_Test13", "Intermediate\ProjectFiles\RaynetAB_Test13.vcxproj", "{95535463-EF62-4B28-A8A4-2EC19A3D0ECF}"
EndProject
Global
	GlobalSection(SolutionConfigurationPlatforms) = preSolution
		DebugGame Editor|HTML5 = DebugGame Editor|HTML5
		DebugGame Editor|Win32 = DebugGame Editor|Win32
		DebugGame Editor|Win64 = DebugGame Editor|Win64
		DebugGame|HTML5 = DebugGame|HTML5
		DebugGame|Win32 = DebugGame|Win32
		DebugGame|Win64 = DebugGame|Win64
		Development Editor|HTML5 = Development Editor|HTML5
		Development Editor|Win32 = Development Editor|Win32
		Development Editor|Win64 = Development Editor|Win64
		Development|HTML5 = Development|HTML5
		Development|Win32 = Development|Win32
		Development|Win64 = Development|Win64
		Shipping|HTML5 = Shipping|HTML5
		Shipping|Win32 = Shipping|Win32
		Shipping|Win64 = Shipping|Win64
	EndGlobalSection
	GlobalSection(ProjectConfigurationPlatforms) = postSolution
		{39992DCB-601B-4ED8-BD62-A8E697056909}.DebugGame Editor|HTML5.ActiveCfg = BuiltWithUnrealBuildTool|Win32
		{39992DCB-601B-4ED8-BD62-A8E697056909}.DebugGame Editor|HTML5.Build.0 = BuiltWithUnrealBuildTool|Win32
		{39992DCB-601B-4ED8-BD62-A8E697056909}.DebugGame Editor|Win32.ActiveCfg = BuiltWithUnrealBuildTool|Win32
		{39992DCB-601B-4ED8-BD62-A8E697056909}.DebugGame Editor|Win32.Build.0 = BuiltWithUnrealBuildTool|Win32
		{39992DCB-601B-4ED8-BD62-A8E697056909}.DebugGame Editor|Win64.ActiveCfg = BuiltWithUnrealBuildTool|Win32
		{39992DCB-601B-4ED8-BD62-A8E697056909}.DebugGame Editor|Win64.Build.0 = BuiltWithUnrealBuildTool|Win32
		{39992DCB-601B-4ED8-BD62-A8E697056909}.DebugGame|HTML5.ActiveCfg = BuiltWithUnrealBuildTool|Win32
		{39992DCB-601B-4ED8-BD62-A8E697056909}.DebugGame|HTML5.Build.0 = BuiltWithUnrealBuildTool|Win32
		{39992DCB-601B-4ED8-BD62-A8E697056909}.DebugGame|Win32.ActiveCfg = BuiltWithUnrealBuildTool|Win32
		{39992DCB-601B-4ED8-BD62-A8E697056909}.DebugGame|Win32.Build.0 = BuiltWithUnrealBuildTool|Win32
		{39992DCB-601B-4ED8-BD62-A8E697056909}.DebugGame|Win64.ActiveCfg = BuiltWithUnrealBuildTool|Win32
		{39992DCB-601B-4ED8-BD62-A8E697056909}.DebugGame|Win64.Build.0 = BuiltWithUnrealBuildTool|Win32
		{39992DCB-601B-4ED8-BD62-A8E697056909}.Development Editor|HTML5.ActiveCfg = BuiltWithUnrealBuildTool|Win32
		{39992DCB-601B-4ED8-BD62-A8E697056909}.Development Editor|HTML5.Build.0 = BuiltWithUnrealBuildTool|Win32
		{39992DCB-601B-4ED8-BD62-A8E697056909}.Development Editor|Win32.ActiveCfg = BuiltWithUnrealBuildTool|Win32
		{39992DCB-601B-4ED8-BD62-A8E697056909}.Development Editor|Win32.Build.0 = BuiltWithUnrealBuildTool|Win32
		{39992DCB-601B-4ED8-BD62-A8E697056909}.Development Editor|Win64.ActiveCfg = BuiltWithUnrealBuildTool|Win32
		{39992DCB-601B-4ED8-BD62-A8E697056909}.Development Editor|Win64.Build.0 = BuiltWithUnrealBuildTool|Win32
		{39992DCB-601B-4ED8-BD62-A8E697056909}.Development|HTML5.ActiveCfg = BuiltWithUnrealBuildTool|Win32
		{39992DCB-601B-4ED8-BD62-A8E697056909}.Development|HTML5.Build.0 = BuiltWithUnrealBuildTool|Win32
		{39992DCB-601B-4ED8-BD62-A8E697056909}.Development|Win32.ActiveCfg = BuiltWithUnrealBuildTool|Win32
		{39992DCB-601B-4ED8-BD62-A8E697056909}.Development|Win32.Build.0 = BuiltWithUnrealBuildTool|Win32
		{39992DCB-601B-4ED8-BD62-A8E697056909}.Development|Win64.ActiveCfg = BuiltWithUnrealBuildTool|Win32
		{39992DCB-601B-4ED8-BD62-A8E697056909}.Development|Win64.Build.0 = BuiltWithUnrealBuildTool|Win32
		{39992DCB-601B-4ED8-BD62-A8E697056909}.Shipping|HTML5.ActiveCfg = BuiltWithUnrealBuildTool|Win32
		{39992DCB-601B-4ED8-BD62-A8E697056909}.Shipping|HTML5.Build.0 = BuiltWithUnrealBuildTool|Win32
		{39992DCB-601B-4ED8-BD62-A8E697056909}.Shipping|Win32.ActiveCfg = BuiltWithUnrealBuildTool|Win32
		{39992DCB-601B-4ED8-BD62-A8E697056909}.Shipping|Win32.Build.0 = BuiltWithUnrealBuildTool|Win32
		{39992DCB-601B-4ED8-BD62-A8E697056909}.Shipping|Win64.ActiveCfg = BuiltWithUnrealBuildTool|Win32
		{39992DCB-601B-4ED8-BD62-A8E697056909}.Shipping|Win64.Build.0 = BuiltWithUnrealBuildTool|Win32
		{95535463-EF62-4B28-A8A4-2EC19A3D0ECF}.DebugGame Editor|HTML5.ActiveCfg = HTML5_DebugGame_Editor|Win32
		{95535463-EF62-4B28-A8A4-2EC19A3D0ECF}.DebugGame Editor|Win32.ActiveCfg = DebugGame_Editor|Win32
		{95535463-EF62-4B28-A8A4-2EC19A3D0ECF}.DebugGame Editor|Win64.ActiveCfg = DebugGame_Editor|x64
		{95535463-EF62-4B28-A8A4-2EC19A3D0ECF}.DebugGame Editor|Win64.Build.0 = DebugGame_Editor|x64
		{95535463-EF62-4B28-A8A4-2EC19A3D0ECF}.DebugGame|HTML5.ActiveCfg = HTML5_DebugGame_Game|Win32
		{95535463-EF62-4B28-A8A4-2EC19A3D0ECF}.DebugGame|HTML5.Build.0 = HTML5_DebugGame_Game|Win32
		{95535463-EF62-4B28-A8A4-2EC19A3D0ECF}.DebugGame|Win32.ActiveCfg = DebugGame_Game|Win32
		{95535463-EF62-4B28-A8A4-2EC19A3D0ECF}.DebugGame|Win32.Build.0 = DebugGame_Game|Win32
		{95535463-EF62-4B28-A8A4-2EC19A3D0ECF}.DebugGame|Win64.ActiveCfg = DebugGame_Game|x64
		{95535463-EF62-4B28-A8A4-2EC19A3D0ECF}.DebugGame|Win64.Build.0 = DebugGame_Game|x64
		{95535463-EF62-4B28-A8A4-2EC19A3D0ECF}.Development Editor|HTML5.ActiveCfg = HTML5_Development_Editor|Win32
		{95535463-EF62-4B28-A8A4-2EC19A3D0ECF}.Development Editor|Win32.ActiveCfg = Development_Editor|Win32
		{95535463-EF62-4B28-A8A4-2EC19A3D0ECF}.Development Editor|Win64.ActiveCfg = Development_Editor|x64
		{95535463-EF62-4B28-A8A4-2EC19A3D0ECF}.Development Editor|Win64.Build.0 = Development_Editor|x64
		{95535463-EF62-4B28-A8A4-2EC19A3D0ECF}.Development|HTML5.ActiveCfg = HTML5_Development_Game|Win32
		{95535463-EF62-4B28-A8A4-2EC19A3D0ECF}.Development|HTML5.Build.0 = HTML5_Development_Game|Win32
		{95535463-EF62-4B28-A8A4-2EC19A3D0ECF}.Development|Win32.ActiveCfg = Development_Game|Win32
		{95535463-EF62-4B28-A8A4-2EC19A3D0ECF}.Development|Win32.Build.0 = Development_Game|Win32
		{95535463-EF62-4B28-A8A4-2EC19A3D0ECF}.Development|Win64.ActiveCfg = Development_Game|x64
		{95535463-EF62-4B28-A8A4-2EC19A3D0ECF}.Development|Win64.Build.0 = Development_Game|x64
		{95535463-EF62-4B28-A8A4-2EC19A3D0ECF}.Shipping|HTML5.ActiveCfg = HTML5_Shipping_Game|Win32
		{95535463-EF62-4B28-A8A4-2EC19A3D0ECF}.Shipping|HTML5.Build.0 = HTML5_Shipping_Game|Win32
		{95535463-EF62-4B28-A8A4-2EC19A3D0ECF}.Shipping|Win32.ActiveCfg = Shipping_Game|Win32
		{95535463-EF62-4B28-A8A4-2EC19A3D0ECF}.Shipping|Win32.Build.0 = Shipping_Game|Win32
		{95535463-EF62-4B28-A8A4-2EC19A3D0ECF}.Shipping|Win64.ActiveCfg = Shipping_Game|x64
		{95535463-EF62-4B28-A8A4-2EC19A3D0ECF}.Shipping|Win64.Build.0 = Shipping_Game|x64
	EndGlobalSection
	GlobalSection(SolutionProperties) = preSolution
		HideSolutionNode = FALSE
	EndGlobalSection
	GlobalSection(NestedProjects) = preSolution
		{39992DCB-601B-4ED8-BD62-A8E697056909} = {47C86FA8-C5B3-4CA8-99C8-1AC0601C6236}
		{95535463-EF62-4B28-A8A4-2EC19A3D0ECF} = {4ED3AC6E-26E9-4F96-996D-1E5828A0383F}
	EndGlobalSection
EndGlobal
